
Microsoft Visual Studio Solution File, Format Version 12.00
# Visual Studio Version 17
VisualStudioVersion = 17.11.35327.3
MinimumVisualStudioVersion = 10.0.40219.1
Project("{FAE04EC0-301F-11D3-BF4B-00C04F79EFBC}") = "SpecflowAutomationFramework", "SpecflowAutomationFramework\SpecflowAutomationFramework.csproj", "{340AC375-3E0D-4732-B1F2-FCCC7FC529D3}"
EndProject
Global
	GlobalSection(SolutionConfigurationPlatforms) = preSolution
		Debug|Any CPU = Debug|Any CPU
		Release|Any CPU = Release|Any CPU
	EndGlobalSection
	GlobalSection(ProjectConfigurationPlatforms) = postSolution
		{340AC375-3E0D-4732-B1F2-FCCC7FC529D3}.Debug|Any CPU.ActiveCfg = Debug|Any CPU
		{340AC375-3E0D-4732-B1F2-FCCC7FC529D3}.Debug|Any CPU.Build.0 = Debug|Any CPU
		{340AC375-3E0D-4732-B1F2-FCCC7FC529D3}.Release|Any CPU.ActiveCfg = Release|Any CPU
		{340AC375-3E0D-4732-B1F2-FCCC7FC529D3}.Release|Any CPU.Build.0 = Release|Any CPU
	EndGlobalSection
	GlobalSection(SolutionProperties) = preSolution
		HideSolutionNode = FALSE
	EndGlobalSection
	GlobalSection(ExtensibilityGlobals) = postSolution
		SolutionGuid = {985F713D-83AB-436A-B0B1-B98918E1D6FB}
	EndGlobalSection
EndGlobal
